
Microsoft Visual Studio Solution File, Format Version 12.00
# Visual Studio Version 16
VisualStudioVersion = 16.0.32630.194
MinimumVisualStudioVersion = 10.0.40219.1
Project("{FAE04EC0-301F-11D3-BF4B-00C04F79EFBC}") = "AgendaTelefonica.UI", "AgendaTelefonica.UI\AgendaTelefonica.UI.csproj", "{9E0668B4-37F2-4CC1-942D-FD28A29FD795}"
EndProject
Project("{FAE04EC0-301F-11D3-BF4B-00C04F79EFBC}") = "AgendaTelefonica.Infra", "AgendaTelefonica.Infra\AgendaTelefonica.Infra.csproj", "{F9EE94D1-90D8-4197-A879-938B967BDA94}"
EndProject
Project("{FAE04EC0-301F-11D3-BF4B-00C04F79EFBC}") = "AgendaTelefonica.Infra.Test", "AgendaTelefonica.Infra.Test\AgendaTelefonica.Infra.Test.csproj", "{C267DEC6-EFDB-475A-9233-D91C7D5A3C67}"
EndProject
Project("{FAE04EC0-301F-11D3-BF4B-00C04F79EFBC}") = "AgendaTelefonica.Domain", "AgendaTelefonica.Domain\AgendaTelefonica.Domain.csproj", "{3D1A4D85-DBAD-4C52-AF52-3B0D1CA3AB84}"
EndProject
Project("{FAE04EC0-301F-11D3-BF4B-00C04F79EFBC}") = "AgendaTelefonica.Repos", "AgendaTelefonica.Repos\AgendaTelefonica.Repos.csproj", "{776F0780-1D1E-40B2-AC6E-043A0F257789}"
EndProject
Project("{FAE04EC0-301F-11D3-BF4B-00C04F79EFBC}") = "AgendaTelefonica.Repos.Test", "AgendaTelefonica.Repos.Test\AgendaTelefonica.Repos.Test.csproj", "{F1871894-36F1-44A3-8388-B3743999A7AE}"
EndProject
Global
	GlobalSection(SolutionConfigurationPlatforms) = preSolution
		Debug|Any CPU = Debug|Any CPU
		Release|Any CPU = Release|Any CPU
	EndGlobalSection
	GlobalSection(ProjectConfigurationPlatforms) = postSolution
		{9E0668B4-37F2-4CC1-942D-FD28A29FD795}.Debug|Any CPU.ActiveCfg = Debug|Any CPU
		{9E0668B4-37F2-4CC1-942D-FD28A29FD795}.Debug|Any CPU.Build.0 = Debug|Any CPU
		{9E0668B4-37F2-4CC1-942D-FD28A29FD795}.Release|Any CPU.ActiveCfg = Release|Any CPU
		{9E0668B4-37F2-4CC1-942D-FD28A29FD795}.Release|Any CPU.Build.0 = Release|Any CPU
		{F9EE94D1-90D8-4197-A879-938B967BDA94}.Debug|Any CPU.ActiveCfg = Debug|Any CPU
		{F9EE94D1-90D8-4197-A879-938B967BDA94}.Debug|Any CPU.Build.0 = Debug|Any CPU
		{F9EE94D1-90D8-4197-A879-938B967BDA94}.Release|Any CPU.ActiveCfg = Release|Any CPU
		{F9EE94D1-90D8-4197-A879-938B967BDA94}.Release|Any CPU.Build.0 = Release|Any CPU
		{C267DEC6-EFDB-475A-9233-D91C7D5A3C67}.Debug|Any CPU.ActiveCfg = Debug|Any CPU
		{C267DEC6-EFDB-475A-9233-D91C7D5A3C67}.Debug|Any CPU.Build.0 = Debug|Any CPU
		{C267DEC6-EFDB-475A-9233-D91C7D5A3C67}.Release|Any CPU.ActiveCfg = Release|Any CPU
		{C267DEC6-EFDB-475A-9233-D91C7D5A3C67}.Release|Any CPU.Build.0 = Release|Any CPU
		{3D1A4D85-DBAD-4C52-AF52-3B0D1CA3AB84}.Debug|Any CPU.ActiveCfg = Debug|Any CPU
		{3D1A4D85-DBAD-4C52-AF52-3B0D1CA3AB84}.Debug|Any CPU.Build.0 = Debug|Any CPU
		{3D1A4D85-DBAD-4C52-AF52-3B0D1CA3AB84}.Release|Any CPU.ActiveCfg = Release|Any CPU
		{3D1A4D85-DBAD-4C52-AF52-3B0D1CA3AB84}.Release|Any CPU.Build.0 = Release|Any CPU
		{776F0780-1D1E-40B2-AC6E-043A0F257789}.Debug|Any CPU.ActiveCfg = Debug|Any CPU
		{776F0780-1D1E-40B2-AC6E-043A0F257789}.Debug|Any CPU.Build.0 = Debug|Any CPU
		{776F0780-1D1E-40B2-AC6E-043A0F257789}.Release|Any CPU.ActiveCfg = Release|Any CPU
		{776F0780-1D1E-40B2-AC6E-043A0F257789}.Release|Any CPU.Build.0 = Release|Any CPU
		{F1871894-36F1-44A3-8388-B3743999A7AE}.Debug|Any CPU.ActiveCfg = Debug|Any CPU
		{F1871894-36F1-44A3-8388-B3743999A7AE}.Debug|Any CPU.Build.0 = Debug|Any CPU
		{F1871894-36F1-44A3-8388-B3743999A7AE}.Release|Any CPU.ActiveCfg = Release|Any CPU
		{F1871894-36F1-44A3-8388-B3743999A7AE}.Release|Any CPU.Build.0 = Release|Any CPU
	EndGlobalSection
	GlobalSection(SolutionProperties) = preSolution
		HideSolutionNode = FALSE
	EndGlobalSection
	GlobalSection(ExtensibilityGlobals) = postSolution
		SolutionGuid = {F16761C2-C170-4DBD-8A67-72002E5666F8}
	EndGlobalSection
EndGlobal
